
Microsoft Visual Studio Solution File, Format Version 12.00
# Visual Studio Version 17
VisualStudioVersion = 17.6.33815.320
MinimumVisualStudioVersion = 10.0.40219.1
Project("{9A19103F-16F7-4668-BE54-9A1E7A4F7556}") = "Ueb11a_Strassenverkehrsamt", "Ueb11a_Strassenverkehrsamt\Ueb11a_Strassenverkehrsamt.csproj", "{AB42F176-FDE9-4EE3-AE0D-EFD6D0CF75B0}"
EndProject
Project("{FAE04EC0-301F-11D3-BF4B-00C04F79EFBC}") = "Ueb11a_StrassenverkehrsamtTest", "Ueb11a_StrassenverkehrsamtTest\Ueb11a_StrassenverkehrsamtTest.csproj", "{5D15D92C-5B37-4E8A-A298-28BCADD0A819}"
EndProject
Global
	GlobalSection(SolutionConfigurationPlatforms) = preSolution
		Debug|Any CPU = Debug|Any CPU
		Release|Any CPU = Release|Any CPU
	EndGlobalSection
	GlobalSection(ProjectConfigurationPlatforms) = postSolution
		{AB42F176-FDE9-4EE3-AE0D-EFD6D0CF75B0}.Debug|Any CPU.ActiveCfg = Debug|Any CPU
		{AB42F176-FDE9-4EE3-AE0D-EFD6D0CF75B0}.Debug|Any CPU.Build.0 = Debug|Any CPU
		{AB42F176-FDE9-4EE3-AE0D-EFD6D0CF75B0}.Release|Any CPU.ActiveCfg = Release|Any CPU
		{AB42F176-FDE9-4EE3-AE0D-EFD6D0CF75B0}.Release|Any CPU.Build.0 = Release|Any CPU
		{5D15D92C-5B37-4E8A-A298-28BCADD0A819}.Debug|Any CPU.ActiveCfg = Debug|Any CPU
		{5D15D92C-5B37-4E8A-A298-28BCADD0A819}.Debug|Any CPU.Build.0 = Debug|Any CPU
		{5D15D92C-5B37-4E8A-A298-28BCADD0A819}.Release|Any CPU.ActiveCfg = Release|Any CPU
		{5D15D92C-5B37-4E8A-A298-28BCADD0A819}.Release|Any CPU.Build.0 = Release|Any CPU
	EndGlobalSection
	GlobalSection(SolutionProperties) = preSolution
		HideSolutionNode = FALSE
	EndGlobalSection
	GlobalSection(ExtensibilityGlobals) = postSolution
		SolutionGuid = {6DEBF6BA-8FB7-40E5-98A7-89C15FAC3C79}
	EndGlobalSection
EndGlobal
